<?xml version="1.0" encoding="utf-8"?>
<Project ToolsVersion="4.0" xmlns="http://schemas.microsoft.com/developer/msbuild/2003">
  <ItemGroup>
    <Filter Include="LeetCode">
      <UniqueIdentifier>{4FC737F1-C7A5-4376-A066-2A32D752A2FF}</UniqueIdentifier>
      <Extensions>cpp;c;cc;cxx;def;odl;idl;hpj;bat;asm;asmx</Extensions>
    </Filter>
    <Filter Include="Google">
      <UniqueIdentifier>{67DA6AB6-F800-4c08-8B7A-83BB121AAD01}</UniqueIdentifier>
      <Extensions>rc;ico;cur;bmp;dlg;rc2;rct;bin;rgs;gif;jpg;jpeg;jpe;resx;tiff;tif;png;wav</Extensions>
    </Filter>
    <Filter Include="DataStructure">
      <UniqueIdentifier>{93995380-89BD-4b04-88EB-625FBE52EBFB}</UniqueIdentifier>
      <Extensions>h;hh;hpp;hxx;hm;inl;inc;xsd</Extensions>
    </Filter>
    <Filter Include="Algorithm">
      <UniqueIdentifier>{388d6858-2f67-4ddf-b71d-ddf0d0e5b0de}</UniqueIdentifier>
    </Filter>
  </ItemGroup>
  <ItemGroup>
    <ClCompile Include="leetcode\102.cpp">
      <Filter>LeetCode</Filter>
    </ClCompile>
    <ClCompile Include="leetcode\103.cpp">
      <Filter>LeetCode</Filter>
    </ClCompile>
    <ClCompile Include="leetcode\105.cpp">
      <Filter>LeetCode</Filter>
    </ClCompile>
    <ClCompile Include="leetcode\106.cpp">
      <Filter>LeetCode</Filter>
    </ClCompile>
    <ClCompile Include="leetcode\107.cpp">
      <Filter>LeetCode</Filter>
    </ClCompile>
    <ClCompile Include="leetcode\108.cpp">
      <Filter>LeetCode</Filter>
    </ClCompile>
    <ClCompile Include="leetcode\109.cpp">
      <Filter>LeetCode</Filter>
    </ClCompile>
    <ClCompile Include="leetcode\110.cpp">
      <Filter>LeetCode</Filter>
    </ClCompile>
    <ClCompile Include="leetcode\111.cpp">
      <Filter>LeetCode</Filter>
    </ClCompile>
    <ClCompile Include="leetcode\112.cpp">
      <Filter>LeetCode</Filter>
    </ClCompile>
    <ClCompile Include="leetcode\113.cpp">
      <Filter>LeetCode</Filter>
    </ClCompile>
    <ClCompile Include="leetcode\114.cpp">
      <Filter>LeetCode</Filter>
    </ClCompile>
    <ClCompile Include="leetcode\115.cpp">
      <Filter>LeetCode</Filter>
    </ClCompile>
    <ClCompile Include="leetcode\116.cpp">
      <Filter>LeetCode</Filter>
    </ClCompile>
    <ClCompile Include="leetcode\117.cpp">
      <Filter>LeetCode</Filter>
    </ClCompile>
    <ClCompile Include="leetcode\118.cpp">
      <Filter>LeetCode</Filter>
    </ClCompile>
    <ClCompile Include="leetcode\119.cpp">
      <Filter>LeetCode</Filter>
    </ClCompile>
    <ClCompile Include="leetcode\121.cpp">
      <Filter>LeetCode</Filter>
    </ClCompile>
    <ClCompile Include="leetcode\123.cpp">
      <Filter>LeetCode</Filter>
    </ClCompile>
    <ClCompile Include="leetcode\124.cpp">
      <Filter>LeetCode</Filter>
    </ClCompile>
    <ClCompile Include="leetcode\125.cpp">
      <Filter>LeetCode</Filter>
    </ClCompile>
    <ClCompile Include="leetcode\126.cpp">
      <Filter>LeetCode</Filter>
    </ClCompile>
    <ClCompile Include="leetcode\127.cpp">
      <Filter>LeetCode</Filter>
    </ClCompile>
    <ClCompile Include="leetcode\128.cpp">
      <Filter>LeetCode</Filter>
    </ClCompile>
    <ClCompile Include="leetcode\129.cpp">
      <Filter>LeetCode</Filter>
    </ClCompile>
    <ClCompile Include="leetcode\130.cpp">
      <Filter>LeetCode</Filter>
    </ClCompile>
    <ClCompile Include="leetcode\131.cpp">
      <Filter>LeetCode</Filter>
    </ClCompile>
    <ClCompile Include="leetcode\132.cpp">
      <Filter>LeetCode</Filter>
    </ClCompile>
    <ClCompile Include="leetcode\133.cpp">
      <Filter>LeetCode</Filter>
    </ClCompile>
    <ClCompile Include="leetcode\134.cpp">
      <Filter>LeetCode</Filter>
    </ClCompile>
    <ClCompile Include="leetcode\135.cpp">
      <Filter>LeetCode</Filter>
    </ClCompile>
    <ClCompile Include="leetcode\137.cpp">
      <Filter>LeetCode</Filter>
    </ClCompile>
    <ClCompile Include="leetcode\138.cpp">
      <Filter>LeetCode</Filter>
    </ClCompile>
    <ClCompile Include="leetcode\139.cpp">
      <Filter>LeetCode</Filter>
    </ClCompile>
    <ClCompile Include="leetcode\140.cpp">
      <Filter>LeetCode</Filter>
    </ClCompile>
    <ClCompile Include="leetcode\141.cpp">
      <Filter>LeetCode</Filter>
    </ClCompile>
    <ClCompile Include="leetcode\142.cpp">
      <Filter>LeetCode</Filter>
    </ClCompile>
    <ClCompile Include="leetcode\143.cpp">
      <Filter>LeetCode</Filter>
    </ClCompile>
    <ClCompile Include="leetcode\144.cpp">
      <Filter>LeetCode</Filter>
    </ClCompile>
    <ClCompile Include="leetcode\145.cpp">
      <Filter>LeetCode</Filter>
    </ClCompile>
    <ClCompile Include="leetcode\146.cpp">
      <Filter>LeetCode</Filter>
    </ClCompile>
    <ClCompile Include="leetcode\149.cpp">
      <Filter>LeetCode</Filter>
    </ClCompile>
    <ClCompile Include="leetcode\150.cpp">
      <Filter>LeetCode</Filter>
    </ClCompile>
    <ClCompile Include="leetcode\151.cpp">
      <Filter>LeetCode</Filter>
    </ClCompile>
    <ClCompile Include="leetcode\152.cpp">
      <Filter>LeetCode</Filter>
    </ClCompile>
    <ClCompile Include="leetcode\153.cpp">
      <Filter>LeetCode</Filter>
    </ClCompile>
    <ClCompile Include="leetcode\154.cpp">
      <Filter>LeetCode</Filter>
    </ClCompile>
    <ClCompile Include="leetcode\155.cpp">
      <Filter>LeetCode</Filter>
    </ClCompile>
    <ClCompile Include="leetcode\160.cpp">
      <Filter>LeetCode</Filter>
    </ClCompile>
    <ClCompile Include="leetcode\162.cpp">
      <Filter>LeetCode</Filter>
    </ClCompile>
    <ClCompile Include="leetcode\164.cpp">
      <Filter>LeetCode</Filter>
    </ClCompile>
    <ClCompile Include="leetcode\165.cpp">
      <Filter>LeetCode</Filter>
    </ClCompile>
    <ClCompile Include="leetcode\166.cpp">
      <Filter>LeetCode</Filter>
    </ClCompile>
    <ClCompile Include="leetcode\168.cpp">
      <Filter>LeetCode</Filter>
    </ClCompile>
    <ClCompile Include="leetcode\169.cpp">
      <Filter>LeetCode</Filter>
    </ClCompile>
    <ClCompile Include="leetcode\171.cpp">
      <Filter>LeetCode</Filter>
    </ClCompile>
    <ClCompile Include="leetcode\172.cpp">
      <Filter>LeetCode</Filter>
    </ClCompile>
    <ClCompile Include="leetcode\173.cpp">
      <Filter>LeetCode</Filter>
    </ClCompile>
    <ClCompile Include="leetcode\174.cpp">
      <Filter>LeetCode</Filter>
    </ClCompile>
    <ClCompile Include="leetcode\179.cpp">
      <Filter>LeetCode</Filter>
    </ClCompile>
    <ClCompile Include="leetcode\187.cpp">
      <Filter>LeetCode</Filter>
    </ClCompile>
    <ClCompile Include="leetcode\188.cpp">
      <Filter>LeetCode</Filter>
    </ClCompile>
    <ClCompile Include="leetcode\189.cpp">
      <Filter>LeetCode</Filter>
    </ClCompile>
    <ClCompile Include="leetcode\190.cpp">
      <Filter>LeetCode</Filter>
    </ClCompile>
    <ClCompile Include="leetcode\191.cpp">
      <Filter>LeetCode</Filter>
    </ClCompile>
    <ClCompile Include="leetcode\198.cpp">
      <Filter>LeetCode</Filter>
    </ClCompile>
    <ClCompile Include="leetcode\199.cpp">
      <Filter>LeetCode</Filter>
    </ClCompile>
    <ClCompile Include="leetcode\20.cpp">
      <Filter>LeetCode</Filter>
    </ClCompile>
    <ClCompile Include="leetcode\200.cpp">
      <Filter>LeetCode</Filter>
    </ClCompile>
    <ClCompile Include="leetcode\201.cpp">
      <Filter>LeetCode</Filter>
    </ClCompile>
    <ClCompile Include="leetcode\202.cpp">
      <Filter>LeetCode</Filter>
    </ClCompile>
    <ClCompile Include="leetcode\203.cpp">
      <Filter>LeetCode</Filter>
    </ClCompile>
    <ClCompile Include="leetcode\204.cpp">
      <Filter>LeetCode</Filter>
    </ClCompile>
    <ClCompile Include="leetcode\205.cpp">
      <Filter>LeetCode</Filter>
    </ClCompile>
    <ClCompile Include="leetcode\207.cpp">
      <Filter>LeetCode</Filter>
    </ClCompile>
    <ClCompile Include="leetcode\208.cpp">
      <Filter>LeetCode</Filter>
    </ClCompile>
    <ClCompile Include="leetcode\209.cpp">
      <Filter>LeetCode</Filter>
    </ClCompile>
    <ClCompile Include="leetcode\21.cpp">
      <Filter>LeetCode</Filter>
    </ClCompile>
    <ClCompile Include="leetcode\210.cpp">
      <Filter>LeetCode</Filter>
    </ClCompile>
    <ClCompile Include="leetcode\211.cpp">
      <Filter>LeetCode</Filter>
    </ClCompile>
    <ClCompile Include="leetcode\212.cpp">
      <Filter>LeetCode</Filter>
    </ClCompile>
    <ClCompile Include="leetcode\213.cpp">
      <Filter>LeetCode</Filter>
    </ClCompile>
    <ClCompile Include="leetcode\214.cpp">
      <Filter>LeetCode</Filter>
    </ClCompile>
    <ClCompile Include="leetcode\215.cpp">
      <Filter>LeetCode</Filter>
    </ClCompile>
    <ClCompile Include="leetcode\216.cpp">
      <Filter>LeetCode</Filter>
    </ClCompile>
    <ClCompile Include="leetcode\217.cpp">
      <Filter>LeetCode</Filter>
    </ClCompile>
    <ClCompile Include="leetcode\218.cpp">
      <Filter>LeetCode</Filter>
    </ClCompile>
    <ClCompile Include="leetcode\219.cpp">
      <Filter>LeetCode</Filter>
    </ClCompile>
    <ClCompile Include="leetcode\22.cpp">
      <Filter>LeetCode</Filter>
    </ClCompile>
    <ClCompile Include="leetcode\221.cpp">
      <Filter>LeetCode</Filter>
    </ClCompile>
    <ClCompile Include="leetcode\222.cpp">
      <Filter>LeetCode</Filter>
    </ClCompile>
    <ClCompile Include="leetcode\223.cpp">
      <Filter>LeetCode</Filter>
    </ClCompile>
    <ClCompile Include="leetcode\224.cpp">
      <Filter>LeetCode</Filter>
    </ClCompile>
    <ClCompile Include="leetcode\225.cpp">
      <Filter>LeetCode</Filter>
    </ClCompile>
    <ClCompile Include="leetcode\23.cpp">
      <Filter>LeetCode</Filter>
    </ClCompile>
    <ClCompile Include="leetcode\231.cpp">
      <Filter>LeetCode</Filter>
    </ClCompile>
    <ClCompile Include="leetcode\232.cpp">
      <Filter>LeetCode</Filter>
    </ClCompile>
    <ClCompile Include="leetcode\236.cpp">
      <Filter>LeetCode</Filter>
    </ClCompile>
    <ClCompile Include="leetcode\242.cpp">
      <Filter>LeetCode</Filter>
    </ClCompile>
    <ClCompile Include="leetcode\257.cpp">
      <Filter>LeetCode</Filter>
    </ClCompile>
    <ClCompile Include="leetcode\263.cpp">
      <Filter>LeetCode</Filter>
    </ClCompile>
    <ClCompile Include="leetcode\264.cpp">
      <Filter>LeetCode</Filter>
    </ClCompile>
    <ClCompile Include="leetcode\278.cpp">
      <Filter>LeetCode</Filter>
    </ClCompile>
    <ClCompile Include="leetcode\289.cpp">
      <Filter>LeetCode</Filter>
    </ClCompile>
    <ClCompile Include="leetcode\290.cpp">
      <Filter>LeetCode</Filter>
    </ClCompile>
    <ClCompile Include="leetcode\292.cpp">
      <Filter>LeetCode</Filter>
    </ClCompile>
    <ClCompile Include="leetcode\297.cpp">
      <Filter>LeetCode</Filter>
    </ClCompile>
    <ClCompile Include="leetcode\299.cpp">
      <Filter>LeetCode</Filter>
    </ClCompile>
    <ClCompile Include="leetcode\30.cpp">
      <Filter>LeetCode</Filter>
    </ClCompile>
    <ClCompile Include="leetcode\303.cpp">
      <Filter>LeetCode</Filter>
    </ClCompile>
    <ClCompile Include="leetcode\304.cpp">
      <Filter>LeetCode</Filter>
    </ClCompile>
    <ClCompile Include="leetcode\306.cpp">
      <Filter>LeetCode</Filter>
    </ClCompile>
    <ClCompile Include="leetcode\307.cpp">
      <Filter>LeetCode</Filter>
    </ClCompile>
    <ClCompile Include="leetcode\318.cpp">
      <Filter>LeetCode</Filter>
    </ClCompile>
    <ClCompile Include="leetcode\319.cpp">
      <Filter>LeetCode</Filter>
    </ClCompile>
    <ClCompile Include="leetcode\32.cpp">
      <Filter>LeetCode</Filter>
    </ClCompile>
    <ClCompile Include="leetcode\322.cpp">
      <Filter>LeetCode</Filter>
    </ClCompile>
    <ClCompile Include="leetcode\326.cpp">
      <Filter>LeetCode</Filter>
    </ClCompile>
    <ClCompile Include="leetcode\328.cpp">
      <Filter>LeetCode</Filter>
    </ClCompile>
    <ClCompile Include="leetcode\38.cpp">
      <Filter>LeetCode</Filter>
    </ClCompile>
    <ClCompile Include="leetcode\39.cpp">
      <Filter>LeetCode</Filter>
    </ClCompile>
    <ClCompile Include="leetcode\40.cpp">
      <Filter>LeetCode</Filter>
    </ClCompile>
    <ClCompile Include="leetcode\47.cpp">
      <Filter>LeetCode</Filter>
    </ClCompile>
    <ClCompile Include="leetcode\49.cpp">
      <Filter>LeetCode</Filter>
    </ClCompile>
    <ClCompile Include="leetcode\54.cpp">
      <Filter>LeetCode</Filter>
    </ClCompile>
    <ClCompile Include="leetcode\56.cpp">
      <Filter>LeetCode</Filter>
    </ClCompile>
    <ClCompile Include="leetcode\57.cpp">
      <Filter>LeetCode</Filter>
    </ClCompile>
    <ClCompile Include="leetcode\59.cpp">
      <Filter>LeetCode</Filter>
    </ClCompile>
    <ClCompile Include="leetcode\60.cpp">
      <Filter>LeetCode</Filter>
    </ClCompile>
    <ClCompile Include="leetcode\68.cpp">
      <Filter>LeetCode</Filter>
    </ClCompile>
    <ClCompile Include="leetcode\69.cpp">
      <Filter>LeetCode</Filter>
    </ClCompile>
    <ClCompile Include="leetcode\71.cpp">
      <Filter>LeetCode</Filter>
    </ClCompile>
    <ClCompile Include="leetcode\72.cpp">
      <Filter>LeetCode</Filter>
    </ClCompile>
    <ClCompile Include="leetcode\73.cpp">
      <Filter>LeetCode</Filter>
    </ClCompile>
    <ClCompile Include="leetcode\76.cpp">
      <Filter>LeetCode</Filter>
    </ClCompile>
    <ClCompile Include="leetcode\77.cpp">
      <Filter>LeetCode</Filter>
    </ClCompile>
    <ClCompile Include="leetcode\78.cpp">
      <Filter>LeetCode</Filter>
    </ClCompile>
    <ClCompile Include="leetcode\79.cpp">
      <Filter>LeetCode</Filter>
    </ClCompile>
    <ClCompile Include="leetcode\80.cpp">
      <Filter>LeetCode</Filter>
    </ClCompile>
    <ClCompile Include="leetcode\84.cpp">
      <Filter>LeetCode</Filter>
    </ClCompile>
    <ClCompile Include="leetcode\85.cpp">
      <Filter>LeetCode</Filter>
    </ClCompile>
    <ClCompile Include="leetcode\87.cpp">
      <Filter>LeetCode</Filter>
    </ClCompile>
    <ClCompile Include="leetcode\89.cpp">
      <Filter>LeetCode</Filter>
    </ClCompile>
    <ClCompile Include="leetcode\90.cpp">
      <Filter>LeetCode</Filter>
    </ClCompile>
    <ClCompile Include="leetcode\91.cpp">
      <Filter>LeetCode</Filter>
    </ClCompile>
    <ClCompile Include="leetcode\93.cpp">
      <Filter>LeetCode</Filter>
    </ClCompile>
    <ClCompile Include="leetcode\94.cpp">
      <Filter>LeetCode</Filter>
    </ClCompile>
    <ClCompile Include="leetcode\95.cpp">
      <Filter>LeetCode</Filter>
    </ClCompile>
    <ClCompile Include="leetcode\96.cpp">
      <Filter>LeetCode</Filter>
    </ClCompile>
    <ClCompile Include="leetcode\97.cpp">
      <Filter>LeetCode</Filter>
    </ClCompile>
    <ClCompile Include="leetcode\98.cpp">
      <Filter>LeetCode</Filter>
    </ClCompile>
    <ClCompile Include="leetcode\99.cpp">
      <Filter>LeetCode</Filter>
    </ClCompile>
    <ClCompile Include="leetcode\1.c">
      <Filter>LeetCode</Filter>
    </ClCompile>
    <ClCompile Include="leetcode\10.c">
      <Filter>LeetCode</Filter>
    </ClCompile>
    <ClCompile Include="leetcode\100.c">
      <Filter>LeetCode</Filter>
    </ClCompile>
    <ClCompile Include="leetcode\101.c">
      <Filter>LeetCode</Filter>
    </ClCompile>
    <ClCompile Include="leetcode\104.c">
      <Filter>LeetCode</Filter>
    </ClCompile>
    <ClCompile Include="leetcode\11.c">
      <Filter>LeetCode</Filter>
    </ClCompile>
    <ClCompile Include="leetcode\12.c">
      <Filter>LeetCode</Filter>
    </ClCompile>
    <ClCompile Include="leetcode\120.c">
      <Filter>LeetCode</Filter>
    </ClCompile>
    <ClCompile Include="leetcode\122.c">
      <Filter>LeetCode</Filter>
    </ClCompile>
    <ClCompile Include="leetcode\13.c">
      <Filter>LeetCode</Filter>
    </ClCompile>
    <ClCompile Include="leetcode\136.c">
      <Filter>LeetCode</Filter>
    </ClCompile>
    <ClCompile Include="leetcode\14.c">
      <Filter>LeetCode</Filter>
    </ClCompile>
    <ClCompile Include="leetcode\147.c">
      <Filter>LeetCode</Filter>
    </ClCompile>
    <ClCompile Include="leetcode\148.c">
      <Filter>LeetCode</Filter>
    </ClCompile>
    <ClCompile Include="leetcode\15.c">
      <Filter>LeetCode</Filter>
    </ClCompile>
    <ClCompile Include="leetcode\16.c">
      <Filter>LeetCode</Filter>
    </ClCompile>
    <ClCompile Include="leetcode\17.c">
      <Filter>LeetCode</Filter>
    </ClCompile>
    <ClCompile Include="leetcode\18.c">
      <Filter>LeetCode</Filter>
    </ClCompile>
    <ClCompile Include="leetcode\19.c">
      <Filter>LeetCode</Filter>
    </ClCompile>
    <ClCompile Include="leetcode\2.c">
      <Filter>LeetCode</Filter>
    </ClCompile>
    <ClCompile Include="leetcode\206.c">
      <Filter>LeetCode</Filter>
    </ClCompile>
    <ClCompile Include="leetcode\226.c">
      <Filter>LeetCode</Filter>
    </ClCompile>
    <ClCompile Include="leetcode\23.c">
      <Filter>LeetCode</Filter>
    </ClCompile>
    <ClCompile Include="leetcode\235.c">
      <Filter>LeetCode</Filter>
    </ClCompile>
    <ClCompile Include="leetcode\237.c">
      <Filter>LeetCode</Filter>
    </ClCompile>
    <ClCompile Include="leetcode\24.c">
      <Filter>LeetCode</Filter>
    </ClCompile>
    <ClCompile Include="leetcode\25.c">
      <Filter>LeetCode</Filter>
    </ClCompile>
    <ClCompile Include="leetcode\258.c">
      <Filter>LeetCode</Filter>
    </ClCompile>
    <ClCompile Include="leetcode\26.c">
      <Filter>LeetCode</Filter>
    </ClCompile>
    <ClCompile Include="leetcode\27.c">
      <Filter>LeetCode</Filter>
    </ClCompile>
    <ClCompile Include="leetcode\28.c">
      <Filter>LeetCode</Filter>
    </ClCompile>
    <ClCompile Include="leetcode\283.c">
      <Filter>LeetCode</Filter>
    </ClCompile>
    <ClCompile Include="leetcode\287.c">
      <Filter>LeetCode</Filter>
    </ClCompile>
    <ClCompile Include="leetcode\29.c">
      <Filter>LeetCode</Filter>
    </ClCompile>
    <ClCompile Include="leetcode\3.c">
      <Filter>LeetCode</Filter>
    </ClCompile>
    <ClCompile Include="leetcode\31.c">
      <Filter>LeetCode</Filter>
    </ClCompile>
    <ClCompile Include="leetcode\33.c">
      <Filter>LeetCode</Filter>
    </ClCompile>
    <ClCompile Include="leetcode\34.c">
      <Filter>LeetCode</Filter>
    </ClCompile>
    <ClCompile Include="leetcode\35.c">
      <Filter>LeetCode</Filter>
    </ClCompile>
    <ClCompile Include="leetcode\36.c">
      <Filter>LeetCode</Filter>
    </ClCompile>
    <ClCompile Include="leetcode\37.c">
      <Filter>LeetCode</Filter>
    </ClCompile>
    <ClCompile Include="leetcode\39.c">
      <Filter>LeetCode</Filter>
    </ClCompile>
    <ClCompile Include="leetcode\4.c">
      <Filter>LeetCode</Filter>
    </ClCompile>
    <ClCompile Include="leetcode\41.c">
      <Filter>LeetCode</Filter>
    </ClCompile>
    <ClCompile Include="leetcode\42.c">
      <Filter>LeetCode</Filter>
    </ClCompile>
    <ClCompile Include="leetcode\43.c">
      <Filter>LeetCode</Filter>
    </ClCompile>
    <ClCompile Include="leetcode\44.c">
      <Filter>LeetCode</Filter>
    </ClCompile>
    <ClCompile Include="leetcode\45.c">
      <Filter>LeetCode</Filter>
    </ClCompile>
    <ClCompile Include="leetcode\46.c">
      <Filter>LeetCode</Filter>
    </ClCompile>
    <ClCompile Include="leetcode\48.c">
      <Filter>LeetCode</Filter>
    </ClCompile>
    <ClCompile Include="leetcode\5.c">
      <Filter>LeetCode</Filter>
    </ClCompile>
    <ClCompile Include="leetcode\50.c">
      <Filter>LeetCode</Filter>
    </ClCompile>
    <ClCompile Include="leetcode\51.c">
      <Filter>LeetCode</Filter>
    </ClCompile>
    <ClCompile Include="leetcode\52.c">
      <Filter>LeetCode</Filter>
    </ClCompile>
    <ClCompile Include="leetcode\53.c">
      <Filter>LeetCode</Filter>
    </ClCompile>
    <ClCompile Include="leetcode\55.c">
      <Filter>LeetCode</Filter>
    </ClCompile>
    <ClCompile Include="leetcode\58.c">
      <Filter>LeetCode</Filter>
    </ClCompile>
    <ClCompile Include="leetcode\6.c">
      <Filter>LeetCode</Filter>
    </ClCompile>
    <ClCompile Include="leetcode\60.c">
      <Filter>LeetCode</Filter>
    </ClCompile>
    <ClCompile Include="leetcode\61.c">
      <Filter>LeetCode</Filter>
    </ClCompile>
    <ClCompile Include="leetcode\62.c">
      <Filter>LeetCode</Filter>
    </ClCompile>
    <ClCompile Include="leetcode\63.c">
      <Filter>LeetCode</Filter>
    </ClCompile>
    <ClCompile Include="leetcode\64.c">
      <Filter>LeetCode</Filter>
    </ClCompile>
    <ClCompile Include="leetcode\65.c">
      <Filter>LeetCode</Filter>
    </ClCompile>
    <ClCompile Include="leetcode\66.c">
      <Filter>LeetCode</Filter>
    </ClCompile>
    <ClCompile Include="leetcode\67.c">
      <Filter>LeetCode</Filter>
    </ClCompile>
    <ClCompile Include="leetcode\7.c">
      <Filter>LeetCode</Filter>
    </ClCompile>
    <ClCompile Include="leetcode\70.c">
      <Filter>LeetCode</Filter>
    </ClCompile>
    <ClCompile Include="leetcode\74.c">
      <Filter>LeetCode</Filter>
    </ClCompile>
    <ClCompile Include="leetcode\75.c">
      <Filter>LeetCode</Filter>
    </ClCompile>
    <ClCompile Include="leetcode\8.c">
      <Filter>LeetCode</Filter>
    </ClCompile>
    <ClCompile Include="leetcode\81.c">
      <Filter>LeetCode</Filter>
    </ClCompile>
    <ClCompile Include="leetcode\82.c">
      <Filter>LeetCode</Filter>
    </ClCompile>
    <ClCompile Include="leetcode\83.c">
      <Filter>LeetCode</Filter>
    </ClCompile>
    <ClCompile Include="leetcode\86.c">
      <Filter>LeetCode</Filter>
    </ClCompile>
    <ClCompile Include="leetcode\88.c">
      <Filter>LeetCode</Filter>
    </ClCompile>
    <ClCompile Include="leetcode\9.c">
      <Filter>LeetCode</Filter>
    </ClCompile>
    <ClCompile Include="leetcode\92.c">
      <Filter>LeetCode</Filter>
    </ClCompile>
    <ClCompile Include="google\MultiTreeSerialize.cpp">
      <Filter>Google</Filter>
    </ClCompile>
    <ClCompile Include="algorithm\QuickSort.c">
      <Filter>Algorithm</Filter>
    </ClCompile>
    <ClCompile Include="google\BalancedBinarySortTree.cpp">
      <Filter>DataStructure</Filter>
    </ClCompile>
    <ClCompile Include="datastructure\BinaryIndexedTree.cpp">
      <Filter>DataStructure</Filter>
    </ClCompile>
    <ClCompile Include="datastructure\IntervalTree.cpp">
      <Filter>DataStructure</Filter>
    </ClCompile>
    <ClCompile Include="datastructure\KD-Tree.cpp">
      <Filter>DataStructure</Filter>
    </ClCompile>
    <ClCompile Include="datastructure\RangeTree.cpp">
      <Filter>DataStructure</Filter>
    </ClCompile>
    <ClCompile Include="datastructure\SegmentTree.cpp">
      <Filter>DataStructure</Filter>
    </ClCompile>
    <ClCompile Include="google\StringSerialize.cpp">
      <Filter>Google</Filter>
    </ClCompile>
  </ItemGroup>
</Project>