<?xml version="1.0" encoding="utf-8"?>
<Project ToolsVersion="4.0" xmlns="http://schemas.microsoft.com/developer/msbuild/2003">
  <ItemGroup>
    <Filter Include="Source Files">
      <UniqueIdentifier>{4FC737F1-C7A5-4376-A066-2A32D752A2FF}</UniqueIdentifier>
      <Extensions>cpp;c;cc;cxx;def;odl;idl;hpj;bat;asm;asmx</Extensions>
    </Filter>
    <Filter Include="Header Files">
      <UniqueIdentifier>{93995380-89BD-4b04-88EB-625FBE52EBFB}</UniqueIdentifier>
      <Extensions>h;hh;hpp;hxx;hm;inl;inc;xsd</Extensions>
    </Filter>
    <Filter Include="Resource Files">
      <UniqueIdentifier>{67DA6AB6-F800-4c08-8B7A-83BB121AAD01}</UniqueIdentifier>
      <Extensions>rc;ico;cur;bmp;dlg;rc2;rct;bin;rgs;gif;jpg;jpeg;jpe;resx;tiff;tif;png;wav</Extensions>
    </Filter>
  </ItemGroup>
  <ItemGroup>
    <ClInclude Include="leetcode.h">
      <Filter>Header Files</Filter>
    </ClInclude>
  </ItemGroup>
  <ItemGroup>
    <ClCompile Include="src\1.c">
      <Filter>Source Files</Filter>
    </ClCompile>
    <ClCompile Include="src\2.c">
      <Filter>Source Files</Filter>
    </ClCompile>
    <ClCompile Include="src\3.c">
      <Filter>Source Files</Filter>
    </ClCompile>
    <ClCompile Include="src\4.c">
      <Filter>Source Files</Filter>
    </ClCompile>
    <ClCompile Include="src\5.c">
      <Filter>Source Files</Filter>
    </ClCompile>
    <ClCompile Include="src\6.c">
      <Filter>Source Files</Filter>
    </ClCompile>
    <ClCompile Include="src\7.c">
      <Filter>Source Files</Filter>
    </ClCompile>
    <ClCompile Include="src\8.c">
      <Filter>Source Files</Filter>
    </ClCompile>
    <ClCompile Include="src\9.c">
      <Filter>Source Files</Filter>
    </ClCompile>
    <ClCompile Include="src\10.c">
      <Filter>Source Files</Filter>
    </ClCompile>
    <ClCompile Include="src\11.c">
      <Filter>Source Files</Filter>
    </ClCompile>
    <ClCompile Include="src\12.c">
      <Filter>Source Files</Filter>
    </ClCompile>
    <ClCompile Include="src\13.c">
      <Filter>Source Files</Filter>
    </ClCompile>
    <ClCompile Include="src\14.c">
      <Filter>Source Files</Filter>
    </ClCompile>
    <ClCompile Include="src\15.c">
      <Filter>Source Files</Filter>
    </ClCompile>
    <ClCompile Include="src\16.c">
      <Filter>Source Files</Filter>
    </ClCompile>
    <ClCompile Include="src\17.c">
      <Filter>Source Files</Filter>
    </ClCompile>
    <ClCompile Include="src\18.c">
      <Filter>Source Files</Filter>
    </ClCompile>
    <ClCompile Include="src\19.c">
      <Filter>Source Files</Filter>
    </ClCompile>
    <ClCompile Include="src\20.cpp">
      <Filter>Source Files</Filter>
    </ClCompile>
    <ClCompile Include="src\21.cpp">
      <Filter>Source Files</Filter>
    </ClCompile>
    <ClCompile Include="src\22.cpp">
      <Filter>Source Files</Filter>
    </ClCompile>
    <ClCompile Include="src\23.c">
      <Filter>Source Files</Filter>
    </ClCompile>
    <ClCompile Include="src\23.cpp">
      <Filter>Source Files</Filter>
    </ClCompile>
    <ClCompile Include="src\24.c">
      <Filter>Source Files</Filter>
    </ClCompile>
    <ClCompile Include="src\25.c">
      <Filter>Source Files</Filter>
    </ClCompile>
    <ClCompile Include="src\26.c">
      <Filter>Source Files</Filter>
    </ClCompile>
    <ClCompile Include="src\27.c">
      <Filter>Source Files</Filter>
    </ClCompile>
    <ClCompile Include="src\28.c">
      <Filter>Source Files</Filter>
    </ClCompile>
    <ClCompile Include="src\29.c">
      <Filter>Source Files</Filter>
    </ClCompile>
    <ClCompile Include="src\30.cpp">
      <Filter>Source Files</Filter>
    </ClCompile>
    <ClCompile Include="src\31.c">
      <Filter>Source Files</Filter>
    </ClCompile>
    <ClCompile Include="src\32.cpp">
      <Filter>Source Files</Filter>
    </ClCompile>
    <ClCompile Include="src\33.c">
      <Filter>Source Files</Filter>
    </ClCompile>
    <ClCompile Include="src\34.c">
      <Filter>Source Files</Filter>
    </ClCompile>
    <ClCompile Include="src\35.c">
      <Filter>Source Files</Filter>
    </ClCompile>
    <ClCompile Include="src\36.c">
      <Filter>Source Files</Filter>
    </ClCompile>
    <ClCompile Include="src\37.c">
      <Filter>Source Files</Filter>
    </ClCompile>
    <ClCompile Include="src\38.cpp">
      <Filter>Source Files</Filter>
    </ClCompile>
    <ClCompile Include="src\39.c">
      <Filter>Source Files</Filter>
    </ClCompile>
    <ClCompile Include="src\39.cpp">
      <Filter>Source Files</Filter>
    </ClCompile>
    <ClCompile Include="src\40.cpp">
      <Filter>Source Files</Filter>
    </ClCompile>
    <ClCompile Include="src\41.c">
      <Filter>Source Files</Filter>
    </ClCompile>
    <ClCompile Include="src\42.c">
      <Filter>Source Files</Filter>
    </ClCompile>
    <ClCompile Include="src\43.c">
      <Filter>Source Files</Filter>
    </ClCompile>
    <ClCompile Include="src\44.c">
      <Filter>Source Files</Filter>
    </ClCompile>
    <ClCompile Include="src\45.c">
      <Filter>Source Files</Filter>
    </ClCompile>
    <ClCompile Include="src\46.c">
      <Filter>Source Files</Filter>
    </ClCompile>
    <ClCompile Include="src\47.cpp">
      <Filter>Source Files</Filter>
    </ClCompile>
    <ClCompile Include="src\48.c">
      <Filter>Source Files</Filter>
    </ClCompile>
    <ClCompile Include="src\49.cpp">
      <Filter>Source Files</Filter>
    </ClCompile>
    <ClCompile Include="src\50.c">
      <Filter>Source Files</Filter>
    </ClCompile>
    <ClCompile Include="src\51.c">
      <Filter>Source Files</Filter>
    </ClCompile>
    <ClCompile Include="src\52.c">
      <Filter>Source Files</Filter>
    </ClCompile>
    <ClCompile Include="src\53.c">
      <Filter>Source Files</Filter>
    </ClCompile>
    <ClCompile Include="src\54.cpp">
      <Filter>Source Files</Filter>
    </ClCompile>
    <ClCompile Include="src\55.c">
      <Filter>Source Files</Filter>
    </ClCompile>
    <ClCompile Include="src\56.cpp">
      <Filter>Source Files</Filter>
    </ClCompile>
    <ClCompile Include="src\57.cpp">
      <Filter>Source Files</Filter>
    </ClCompile>
    <ClCompile Include="src\58.c">
      <Filter>Source Files</Filter>
    </ClCompile>
    <ClCompile Include="src\59.cpp">
      <Filter>Source Files</Filter>
    </ClCompile>
    <ClCompile Include="src\60.c">
      <Filter>Source Files</Filter>
    </ClCompile>
    <ClCompile Include="src\60.cpp">
      <Filter>Source Files</Filter>
    </ClCompile>
    <ClCompile Include="src\61.c">
      <Filter>Source Files</Filter>
    </ClCompile>
    <ClCompile Include="src\62.c">
      <Filter>Source Files</Filter>
    </ClCompile>
    <ClCompile Include="src\63.c">
      <Filter>Source Files</Filter>
    </ClCompile>
    <ClCompile Include="src\64.c">
      <Filter>Source Files</Filter>
    </ClCompile>
    <ClCompile Include="src\65.c">
      <Filter>Source Files</Filter>
    </ClCompile>
    <ClCompile Include="src\66.c">
      <Filter>Source Files</Filter>
    </ClCompile>
    <ClCompile Include="src\67.c">
      <Filter>Source Files</Filter>
    </ClCompile>
    <ClCompile Include="src\68.cpp">
      <Filter>Source Files</Filter>
    </ClCompile>
    <ClCompile Include="src\69.cpp">
      <Filter>Source Files</Filter>
    </ClCompile>
    <ClCompile Include="src\70.c">
      <Filter>Source Files</Filter>
    </ClCompile>
    <ClCompile Include="src\71.cpp">
      <Filter>Source Files</Filter>
    </ClCompile>
    <ClCompile Include="src\72.cpp">
      <Filter>Source Files</Filter>
    </ClCompile>
    <ClCompile Include="src\73.cpp">
      <Filter>Source Files</Filter>
    </ClCompile>
    <ClCompile Include="src\74.c">
      <Filter>Source Files</Filter>
    </ClCompile>
    <ClCompile Include="src\75.c">
      <Filter>Source Files</Filter>
    </ClCompile>
    <ClCompile Include="src\76.cpp">
      <Filter>Source Files</Filter>
    </ClCompile>
    <ClCompile Include="src\77.cpp">
      <Filter>Source Files</Filter>
    </ClCompile>
    <ClCompile Include="src\78.cpp">
      <Filter>Source Files</Filter>
    </ClCompile>
    <ClCompile Include="src\79.cpp">
      <Filter>Source Files</Filter>
    </ClCompile>
    <ClCompile Include="src\80.cpp">
      <Filter>Source Files</Filter>
    </ClCompile>
    <ClCompile Include="src\81.c">
      <Filter>Source Files</Filter>
    </ClCompile>
    <ClCompile Include="src\82.c">
      <Filter>Source Files</Filter>
    </ClCompile>
    <ClCompile Include="src\83.c">
      <Filter>Source Files</Filter>
    </ClCompile>
    <ClCompile Include="src\84.cpp">
      <Filter>Source Files</Filter>
    </ClCompile>
    <ClCompile Include="src\85.cpp">
      <Filter>Source Files</Filter>
    </ClCompile>
    <ClCompile Include="src\86.c">
      <Filter>Source Files</Filter>
    </ClCompile>
    <ClCompile Include="src\87.cpp">
      <Filter>Source Files</Filter>
    </ClCompile>
    <ClCompile Include="src\88.c">
      <Filter>Source Files</Filter>
    </ClCompile>
    <ClCompile Include="src\89.cpp">
      <Filter>Source Files</Filter>
    </ClCompile>
    <ClCompile Include="src\90.cpp">
      <Filter>Source Files</Filter>
    </ClCompile>
    <ClCompile Include="src\91.cpp">
      <Filter>Source Files</Filter>
    </ClCompile>
    <ClCompile Include="src\92.c">
      <Filter>Source Files</Filter>
    </ClCompile>
    <ClCompile Include="src\93.cpp">
      <Filter>Source Files</Filter>
    </ClCompile>
    <ClCompile Include="src\94.cpp">
      <Filter>Source Files</Filter>
    </ClCompile>
    <ClCompile Include="src\95.cpp">
      <Filter>Source Files</Filter>
    </ClCompile>
    <ClCompile Include="src\96.cpp">
      <Filter>Source Files</Filter>
    </ClCompile>
    <ClCompile Include="src\97.cpp">
      <Filter>Source Files</Filter>
    </ClCompile>
    <ClCompile Include="src\98.cpp">
      <Filter>Source Files</Filter>
    </ClCompile>
    <ClCompile Include="src\99.cpp">
      <Filter>Source Files</Filter>
    </ClCompile>
    <ClCompile Include="src\100.c">
      <Filter>Source Files</Filter>
    </ClCompile>
    <ClCompile Include="src\101.c">
      <Filter>Source Files</Filter>
    </ClCompile>
    <ClCompile Include="src\102.cpp">
      <Filter>Source Files</Filter>
    </ClCompile>
    <ClCompile Include="src\103.cpp">
      <Filter>Source Files</Filter>
    </ClCompile>
    <ClCompile Include="src\104.c">
      <Filter>Source Files</Filter>
    </ClCompile>
    <ClCompile Include="src\105.cpp">
      <Filter>Source Files</Filter>
    </ClCompile>
    <ClCompile Include="src\106.cpp">
      <Filter>Source Files</Filter>
    </ClCompile>
    <ClCompile Include="src\107.cpp">
      <Filter>Source Files</Filter>
    </ClCompile>
    <ClCompile Include="src\108.cpp">
      <Filter>Source Files</Filter>
    </ClCompile>
    <ClCompile Include="src\109.cpp">
      <Filter>Source Files</Filter>
    </ClCompile>
    <ClCompile Include="src\110.cpp">
      <Filter>Source Files</Filter>
    </ClCompile>
    <ClCompile Include="src\111.cpp">
      <Filter>Source Files</Filter>
    </ClCompile>
    <ClCompile Include="src\112.cpp">
      <Filter>Source Files</Filter>
    </ClCompile>
    <ClCompile Include="src\113.cpp">
      <Filter>Source Files</Filter>
    </ClCompile>
    <ClCompile Include="src\114.cpp">
      <Filter>Source Files</Filter>
    </ClCompile>
    <ClCompile Include="src\115.cpp">
      <Filter>Source Files</Filter>
    </ClCompile>
    <ClCompile Include="src\116.cpp">
      <Filter>Source Files</Filter>
    </ClCompile>
    <ClCompile Include="src\117.cpp">
      <Filter>Source Files</Filter>
    </ClCompile>
    <ClCompile Include="src\118.cpp">
      <Filter>Source Files</Filter>
    </ClCompile>
    <ClCompile Include="src\119.cpp">
      <Filter>Source Files</Filter>
    </ClCompile>
    <ClCompile Include="src\120.c">
      <Filter>Source Files</Filter>
    </ClCompile>
    <ClCompile Include="src\121.cpp">
      <Filter>Source Files</Filter>
    </ClCompile>
    <ClCompile Include="src\122.c">
      <Filter>Source Files</Filter>
    </ClCompile>
    <ClCompile Include="src\127.cpp">
      <Filter>Source Files</Filter>
    </ClCompile>
    <ClCompile Include="src\128.cpp">
      <Filter>Source Files</Filter>
    </ClCompile>
    <ClCompile Include="src\136.c">
      <Filter>Source Files</Filter>
    </ClCompile>
    <ClCompile Include="src\138.cpp">
      <Filter>Source Files</Filter>
    </ClCompile>
    <ClCompile Include="src\144.cpp">
      <Filter>Source Files</Filter>
    </ClCompile>
    <ClCompile Include="src\147.c">
      <Filter>Source Files</Filter>
    </ClCompile>
    <ClCompile Include="src\148.c">
      <Filter>Source Files</Filter>
    </ClCompile>
    <ClCompile Include="src\206.c">
      <Filter>Source Files</Filter>
    </ClCompile>
    <ClCompile Include="src\226.c">
      <Filter>Source Files</Filter>
    </ClCompile>
    <ClCompile Include="src\235.c">
      <Filter>Source Files</Filter>
    </ClCompile>
    <ClCompile Include="src\237.c">
      <Filter>Source Files</Filter>
    </ClCompile>
    <ClCompile Include="src\258.c">
      <Filter>Source Files</Filter>
    </ClCompile>
    <ClCompile Include="src\283.c">
      <Filter>Source Files</Filter>
    </ClCompile>
    <ClCompile Include="src\287.c">
      <Filter>Source Files</Filter>
    </ClCompile>
    <ClCompile Include="src\126.cpp">
      <Filter>Source Files</Filter>
    </ClCompile>
    <ClCompile Include="src\131.cpp">
      <Filter>Source Files</Filter>
    </ClCompile>
    <ClCompile Include="src\132.cpp">
      <Filter>Source Files</Filter>
    </ClCompile>
  </ItemGroup>
</Project>